
Microsoft Visual Studio Solution File, Format Version 12.00
# Visual Studio 15
Project("{FAE04EC0-301F-11D3-BF4B-00C04F79EFBC}") = "crud_mongodb", "crud_mongodb\crud_mongodb.csproj", "{C326B968-6911-4D91-A0EB-C05C7145A664}"
EndProject
Global
	GlobalSection(SolutionConfigurationPlatforms) = preSolution
		Debug|Any CPU = Debug|Any CPU
		Release|Any CPU = Release|Any CPU
	EndGlobalSection
	GlobalSection(ProjectConfigurationPlatforms) = postSolution
		{C326B968-6911-4D91-A0EB-C05C7145A664}.Debug|Any CPU.ActiveCfg = Debug|Any CPU
		{C326B968-6911-4D91-A0EB-C05C7145A664}.Debug|Any CPU.Build.0 = Debug|Any CPU
		{C326B968-6911-4D91-A0EB-C05C7145A664}.Release|Any CPU.ActiveCfg = Release|Any CPU
		{C326B968-6911-4D91-A0EB-C05C7145A664}.Release|Any CPU.Build.0 = Release|Any CPU
	EndGlobalSection
EndGlobal
